
Microsoft Visual Studio Solution File, Format Version 12.00
# Visual Studio Version 17
VisualStudioVersion = 17.14.36518.9 d17.14
MinimumVisualStudioVersion = 10.0.40219.1
Project("{FAE04EC0-301F-11D3-BF4B-00C04F79EFBC}") = "FarmaciaOnlineAdmin", "FarmaciaOnlineAdmin\FarmaciaOnlineAdmin.csproj", "{EB412E68-F85A-4CC5-A591-9C04876DBB3C}"
EndProject
Project("{FAE04EC0-301F-11D3-BF4B-00C04F79EFBC}") = "FarmaciaOnlineCliente", "FarmaciaOnlineCliente\FarmaciaOnlineCliente.csproj", "{C1212748-D68A-44F0-916A-6A4050470A3B}"
EndProject
Global
	GlobalSection(SolutionConfigurationPlatforms) = preSolution
		Debug|Any CPU = Debug|Any CPU
		Release|Any CPU = Release|Any CPU
	EndGlobalSection
	GlobalSection(ProjectConfigurationPlatforms) = postSolution
		{EB412E68-F85A-4CC5-A591-9C04876DBB3C}.Debug|Any CPU.ActiveCfg = Debug|Any CPU
		{EB412E68-F85A-4CC5-A591-9C04876DBB3C}.Debug|Any CPU.Build.0 = Debug|Any CPU
		{EB412E68-F85A-4CC5-A591-9C04876DBB3C}.Release|Any CPU.ActiveCfg = Release|Any CPU
		{EB412E68-F85A-4CC5-A591-9C04876DBB3C}.Release|Any CPU.Build.0 = Release|Any CPU
		{C1212748-D68A-44F0-916A-6A4050470A3B}.Debug|Any CPU.ActiveCfg = Debug|Any CPU
		{C1212748-D68A-44F0-916A-6A4050470A3B}.Debug|Any CPU.Build.0 = Debug|Any CPU
		{C1212748-D68A-44F0-916A-6A4050470A3B}.Release|Any CPU.ActiveCfg = Release|Any CPU
		{C1212748-D68A-44F0-916A-6A4050470A3B}.Release|Any CPU.Build.0 = Release|Any CPU
	EndGlobalSection
	GlobalSection(SolutionProperties) = preSolution
		HideSolutionNode = FALSE
	EndGlobalSection
	GlobalSection(ExtensibilityGlobals) = postSolution
		SolutionGuid = {EE68C94C-7BF1-4C2A-888C-043EC6762AD4}
	EndGlobalSection
EndGlobal
